
Microsoft Visual Studio Solution File, Format Version 12.00
# Visual Studio 15
VisualStudioVersion = 15.0.28010.2050
MinimumVisualStudioVersion = 10.0.40219.1
Project("{FAE04EC0-301F-11D3-BF4B-00C04F79EFBC}") = "UPlan.Frame.View", "UPlan\UPlan.Frame.View.csproj", "{D2D54253-3F3B-4EE5-82BF-ADCECA2D9F77}"
EndProject
Project("{2150E333-8FDC-42A3-9474-1A3956D46DE8}") = "FrameWork", "FrameWork", "{14BFE57C-A332-4ED9-B9DE-944AE514CB7D}"
EndProject
Project("{FAE04EC0-301F-11D3-BF4B-00C04F79EFBC}") = "Program.cs", "Program.cs\Program.cs.csproj", "{C29D7924-4D0A-4E30-868F-A1BE46C92845}"
EndProject
Project("{FAE04EC0-301F-11D3-BF4B-00C04F79EFBC}") = "UPlan.Frame.Interface", "UPlan.Frame.Interface\UPlan.Frame.Interface.csproj", "{F80D09AF-63C7-4459-9FCA-298BE14DB218}"
EndProject
Project("{2150E333-8FDC-42A3-9474-1A3956D46DE8}") = "Common", "Common", "{443E5B8B-B71F-471C-B1E9-40BFBC618065}"
EndProject
Project("{FAE04EC0-301F-11D3-BF4B-00C04F79EFBC}") = "UPlan.Common.Utility", "UPlan.Common.Utility\UPlan.Common.Utility.csproj", "{F8D29780-EA14-4D63-9CFD-85D683A41DA8}"
EndProject
Project("{2150E333-8FDC-42A3-9474-1A3956D46DE8}") = "Controls", "Controls", "{F373E831-A217-4D87-B486-12BE933F318F}"
EndProject
Project("{FAE04EC0-301F-11D3-BF4B-00C04F79EFBC}") = "UPlan.Controls.UIBase", "UPlan.Controls.UIBase\UPlan.Controls.UIBase.csproj", "{1FFDD45F-9FFE-4F2D-B34F-E8D95F9D9BED}"
EndProject
Project("{FAE04EC0-301F-11D3-BF4B-00C04F79EFBC}") = "UPlan.Frame.DockForm", "UPlan.Frame.DockForm\UPlan.Frame.DockForm.csproj", "{190A2D7B-731A-4923-90DD-BC34BF679EE4}"
EndProject
Project("{FAE04EC0-301F-11D3-BF4B-00C04F79EFBC}") = "UPlan.Common.Validate", "UPlan.Common.Validate\UPlan.Common.Validate.csproj", "{D279E795-A956-4813-B75A-FF2960245887}"
EndProject
Project("{FAE04EC0-301F-11D3-BF4B-00C04F79EFBC}") = "UPlan.Common.GlobalResource", "UPlan.Common.GlobalResource\UPlan.Common.GlobalResource.csproj", "{0474D112-EF21-4A58-ABA3-FE8FA7D52268}"
EndProject
Project("{FAE04EC0-301F-11D3-BF4B-00C04F79EFBC}") = "UPlan.Frame.Model", "UPlan.Frame.Model\UPlan.Frame.Model.csproj", "{015C3EDE-AD01-4645-BB4C-E3B4F800857C}"
EndProject
Project("{FAE04EC0-301F-11D3-BF4B-00C04F79EFBC}") = "UPlan.Frame.Print", "UPlan.Frame.Print\UPlan.Frame.Print.csproj", "{242397DB-D67D-4445-AD55-A87A5085007F}"
EndProject
Global
	GlobalSection(SolutionConfigurationPlatforms) = preSolution
		Debug|Any CPU = Debug|Any CPU
		Release|Any CPU = Release|Any CPU
	EndGlobalSection
	GlobalSection(ProjectConfigurationPlatforms) = postSolution
		{D2D54253-3F3B-4EE5-82BF-ADCECA2D9F77}.Debug|Any CPU.ActiveCfg = Debug|Any CPU
		{D2D54253-3F3B-4EE5-82BF-ADCECA2D9F77}.Debug|Any CPU.Build.0 = Debug|Any CPU
		{D2D54253-3F3B-4EE5-82BF-ADCECA2D9F77}.Release|Any CPU.ActiveCfg = Release|Any CPU
		{D2D54253-3F3B-4EE5-82BF-ADCECA2D9F77}.Release|Any CPU.Build.0 = Release|Any CPU
		{C29D7924-4D0A-4E30-868F-A1BE46C92845}.Debug|Any CPU.ActiveCfg = Debug|Any CPU
		{C29D7924-4D0A-4E30-868F-A1BE46C92845}.Debug|Any CPU.Build.0 = Debug|Any CPU
		{C29D7924-4D0A-4E30-868F-A1BE46C92845}.Release|Any CPU.ActiveCfg = Release|Any CPU
		{C29D7924-4D0A-4E30-868F-A1BE46C92845}.Release|Any CPU.Build.0 = Release|Any CPU
		{F80D09AF-63C7-4459-9FCA-298BE14DB218}.Debug|Any CPU.ActiveCfg = Debug|Any CPU
		{F80D09AF-63C7-4459-9FCA-298BE14DB218}.Debug|Any CPU.Build.0 = Debug|Any CPU
		{F80D09AF-63C7-4459-9FCA-298BE14DB218}.Release|Any CPU.ActiveCfg = Release|Any CPU
		{F80D09AF-63C7-4459-9FCA-298BE14DB218}.Release|Any CPU.Build.0 = Release|Any CPU
		{F8D29780-EA14-4D63-9CFD-85D683A41DA8}.Debug|Any CPU.ActiveCfg = Debug|Any CPU
		{F8D29780-EA14-4D63-9CFD-85D683A41DA8}.Debug|Any CPU.Build.0 = Debug|Any CPU
		{F8D29780-EA14-4D63-9CFD-85D683A41DA8}.Release|Any CPU.ActiveCfg = Release|Any CPU
		{F8D29780-EA14-4D63-9CFD-85D683A41DA8}.Release|Any CPU.Build.0 = Release|Any CPU
		{1FFDD45F-9FFE-4F2D-B34F-E8D95F9D9BED}.Debug|Any CPU.ActiveCfg = Debug|Any CPU
		{1FFDD45F-9FFE-4F2D-B34F-E8D95F9D9BED}.Debug|Any CPU.Build.0 = Debug|Any CPU
		{1FFDD45F-9FFE-4F2D-B34F-E8D95F9D9BED}.Release|Any CPU.ActiveCfg = Release|Any CPU
		{1FFDD45F-9FFE-4F2D-B34F-E8D95F9D9BED}.Release|Any CPU.Build.0 = Release|Any CPU
		{190A2D7B-731A-4923-90DD-BC34BF679EE4}.Debug|Any CPU.ActiveCfg = Debug|Any CPU
		{190A2D7B-731A-4923-90DD-BC34BF679EE4}.Debug|Any CPU.Build.0 = Debug|Any CPU
		{190A2D7B-731A-4923-90DD-BC34BF679EE4}.Release|Any CPU.ActiveCfg = Release|Any CPU
		{190A2D7B-731A-4923-90DD-BC34BF679EE4}.Release|Any CPU.Build.0 = Release|Any CPU
		{D279E795-A956-4813-B75A-FF2960245887}.Debug|Any CPU.ActiveCfg = Debug|Any CPU
		{D279E795-A956-4813-B75A-FF2960245887}.Debug|Any CPU.Build.0 = Debug|Any CPU
		{D279E795-A956-4813-B75A-FF2960245887}.Release|Any CPU.ActiveCfg = Release|Any CPU
		{D279E795-A956-4813-B75A-FF2960245887}.Release|Any CPU.Build.0 = Release|Any CPU
		{0474D112-EF21-4A58-ABA3-FE8FA7D52268}.Debug|Any CPU.ActiveCfg = Debug|Any CPU
		{0474D112-EF21-4A58-ABA3-FE8FA7D52268}.Debug|Any CPU.Build.0 = Debug|Any CPU
		{0474D112-EF21-4A58-ABA3-FE8FA7D52268}.Release|Any CPU.ActiveCfg = Release|Any CPU
		{0474D112-EF21-4A58-ABA3-FE8FA7D52268}.Release|Any CPU.Build.0 = Release|Any CPU
		{015C3EDE-AD01-4645-BB4C-E3B4F800857C}.Debug|Any CPU.ActiveCfg = Debug|Any CPU
		{015C3EDE-AD01-4645-BB4C-E3B4F800857C}.Debug|Any CPU.Build.0 = Debug|Any CPU
		{015C3EDE-AD01-4645-BB4C-E3B4F800857C}.Release|Any CPU.ActiveCfg = Release|Any CPU
		{015C3EDE-AD01-4645-BB4C-E3B4F800857C}.Release|Any CPU.Build.0 = Release|Any CPU
		{242397DB-D67D-4445-AD55-A87A5085007F}.Debug|Any CPU.ActiveCfg = Debug|Any CPU
		{242397DB-D67D-4445-AD55-A87A5085007F}.Debug|Any CPU.Build.0 = Debug|Any CPU
		{242397DB-D67D-4445-AD55-A87A5085007F}.Release|Any CPU.ActiveCfg = Release|Any CPU
		{242397DB-D67D-4445-AD55-A87A5085007F}.Release|Any CPU.Build.0 = Release|Any CPU
	EndGlobalSection
	GlobalSection(SolutionProperties) = preSolution
		HideSolutionNode = FALSE
	EndGlobalSection
	GlobalSection(NestedProjects) = preSolution
		{D2D54253-3F3B-4EE5-82BF-ADCECA2D9F77} = {14BFE57C-A332-4ED9-B9DE-944AE514CB7D}
		{F80D09AF-63C7-4459-9FCA-298BE14DB218} = {14BFE57C-A332-4ED9-B9DE-944AE514CB7D}
		{F8D29780-EA14-4D63-9CFD-85D683A41DA8} = {443E5B8B-B71F-471C-B1E9-40BFBC618065}
		{1FFDD45F-9FFE-4F2D-B34F-E8D95F9D9BED} = {F373E831-A217-4D87-B486-12BE933F318F}
		{190A2D7B-731A-4923-90DD-BC34BF679EE4} = {14BFE57C-A332-4ED9-B9DE-944AE514CB7D}
		{D279E795-A956-4813-B75A-FF2960245887} = {443E5B8B-B71F-471C-B1E9-40BFBC618065}
		{0474D112-EF21-4A58-ABA3-FE8FA7D52268} = {443E5B8B-B71F-471C-B1E9-40BFBC618065}
		{015C3EDE-AD01-4645-BB4C-E3B4F800857C} = {14BFE57C-A332-4ED9-B9DE-944AE514CB7D}
		{242397DB-D67D-4445-AD55-A87A5085007F} = {14BFE57C-A332-4ED9-B9DE-944AE514CB7D}
	EndGlobalSection
	GlobalSection(ExtensibilityGlobals) = postSolution
		SolutionGuid = {5B369F11-0370-44DF-99EA-F6D18CBC146F}
	EndGlobalSection
EndGlobal
